{
  "object": {
    "pins": [
      {
        "package": "ggwave",
        "repositoryURL": "https://github.com/solitarysp/ggwave-spm",
        "state": {
          "branch": null,
          "revision": "4b43de104e4aa15e8cb8d9412893b9ccaa9420ad",
          "version": "0.2.0"
        }
      }
    ]
  },
  "version": 1
}
